<?xml version="1.0" encoding="utf-8"?>
<Project ToolsVersion="4.0" xmlns="http://schemas.microsoft.com/developer/msbuild/2003">
  <ItemGroup>
    <Filter Include="Core">
      <UniqueIdentifier>{4FC737F1-C7A5-4376-A066-2A32D752A2FF}</UniqueIdentifier>
      <Extensions>cpp;c;cc;cxx;def;odl;idl;hpj;bat;asm;asmx</Extensions>
    </Filter>
    <Filter Include="Modules">
      <UniqueIdentifier>{93995380-89BD-4b04-88EB-625FBE52EBFB}</UniqueIdentifier>
      <Extensions>h;hh;hpp;hxx;hm;inl;inc;xsd</Extensions>
    </Filter>
    <Filter Include="Containers">
      <UniqueIdentifier>{78a7f487-1d77-4fdc-9f51-f067eccd6239}</UniqueIdentifier>
    </Filter>
    <Filter Include="Modules\Image Modules">
      <UniqueIdentifier>{6ebdd7cc-efaa-41e7-8681-d0678c1ec439}</UniqueIdentifier>
    </Filter>
    <Filter Include="Modules\Utility Modules">
      <UniqueIdentifier>{62f55bff-5dea-4a6b-977a-fe6d4dcad87c}</UniqueIdentifier>
    </Filter>
    <Filter Include="Modules\Fight Modules">
      <UniqueIdentifier>{5315882b-d4c4-4b47-b69c-40cd3b034ace}</UniqueIdentifier>
    </Filter>
    <Filter Include="Modules\Scene Modules">
      <UniqueIdentifier>{d782893a-bf9d-4030-86f5-69f1731389fd}</UniqueIdentifier>
    </Filter>
    <Filter Include="Modules\Fight Modules\HUD">
      <UniqueIdentifier>{017b9c66-dfbd-4cbb-95e0-ec4f654266b2}</UniqueIdentifier>
    </Filter>
  </ItemGroup>
  <ItemGroup>
    <ClInclude Include="Module.h">
      <Filter>Modules</Filter>
    </ClInclude>
    <ClInclude Include="MemLeaks.h">
      <Filter>Core</Filter>
    </ClInclude>
    <ClInclude Include="Globals.h">
      <Filter>Core</Filter>
    </ClInclude>
    <ClInclude Include="Application.h">
      <Filter>Core</Filter>
    </ClInclude>
    <ClInclude Include="p2Point.h">
      <Filter>Containers</Filter>
    </ClInclude>
    <ClInclude Include="Animation.h">
      <Filter>Containers</Filter>
    </ClInclude>
    <ClInclude Include="ModuleWindow.h">
      <Filter>Modules\Image Modules</Filter>
    </ClInclude>
    <ClInclude Include="ModuleTextures.h">
      <Filter>Modules\Image Modules</Filter>
    </ClInclude>
    <ClInclude Include="ModuleRender.h">
      <Filter>Modules\Image Modules</Filter>
    </ClInclude>
    <ClInclude Include="ModuleScenePaoPao.h">
      <Filter>Modules\Scene Modules</Filter>
    </ClInclude>
    <ClInclude Include="ModuleSceneIntro.h">
      <Filter>Modules\Scene Modules</Filter>
    </ClInclude>
    <ClInclude Include="ModuleFadeToBlack.h">
      <Filter>Modules\Utility Modules</Filter>
    </ClInclude>
    <ClInclude Include="ModuleInput.h">
      <Filter>Modules\Utility Modules</Filter>
    </ClInclude>
    <ClInclude Include="ModuleParticles.h">
      <Filter>Modules\Utility Modules</Filter>
    </ClInclude>
    <ClInclude Include="ModulePlayer.h">
      <Filter>Modules\Fight Modules</Filter>
    </ClInclude>
    <ClInclude Include="ModuleAudio.h">
      <Filter>Modules\Utility Modules</Filter>
    </ClInclude>
    <ClInclude Include="ModuleFightManager.h">
      <Filter>Modules\Fight Modules</Filter>
    </ClInclude>
    <ClInclude Include="ModuleCollision.h">
      <Filter>Modules\Fight Modules</Filter>
    </ClInclude>
    <ClInclude Include="ModuleSceneCongrats.h">
      <Filter>Modules\Scene Modules</Filter>
    </ClInclude>
    <ClInclude Include="ModuleSceneGameOver.h">
      <Filter>Modules\Scene Modules</Filter>
    </ClInclude>
    <ClInclude Include="ModuleFightTimer.h">
      <Filter>Modules\Fight Modules\HUD</Filter>
    </ClInclude>
    <ClInclude Include="ModuleLifeBar.h">
      <Filter>Modules\Fight Modules\HUD</Filter>
    </ClInclude>
    <ClInclude Include="ModulePlayerScore.h">
      <Filter>Modules\Fight Modules\HUD</Filter>
    </ClInclude>
    <ClInclude Include="ModuleRoundDisplay.h">
      <Filter>Modules\Fight Modules\HUD</Filter>
    </ClInclude>
  </ItemGroup>
  <ItemGroup>
    <ClCompile Include="Main.cpp">
      <Filter>Core</Filter>
    </ClCompile>
    <ClCompile Include="Application.cpp">
      <Filter>Core</Filter>
    </ClCompile>
    <ClCompile Include="Globals.cpp">
      <Filter>Core</Filter>
    </ClCompile>
    <ClCompile Include="ModuleWindow.cpp">
      <Filter>Modules\Image Modules</Filter>
    </ClCompile>
    <ClCompile Include="ModuleTextures.cpp">
      <Filter>Modules\Image Modules</Filter>
    </ClCompile>
    <ClCompile Include="ModuleRender.cpp">
      <Filter>Modules\Image Modules</Filter>
    </ClCompile>
    <ClCompile Include="ModuleScenePaoPao.cpp">
      <Filter>Modules\Scene Modules</Filter>
    </ClCompile>
    <ClCompile Include="ModuleSceneIntro.cpp">
      <Filter>Modules\Scene Modules</Filter>
    </ClCompile>
    <ClCompile Include="ModuleFadeToBlack.cpp">
      <Filter>Modules\Utility Modules</Filter>
    </ClCompile>
    <ClCompile Include="ModuleInput.cpp">
      <Filter>Modules\Utility Modules</Filter>
    </ClCompile>
    <ClCompile Include="ModuleParticles.cpp">
      <Filter>Modules\Utility Modules</Filter>
    </ClCompile>
    <ClCompile Include="ModulePlayer.cpp">
      <Filter>Modules\Fight Modules</Filter>
    </ClCompile>
    <ClCompile Include="ModuleAudio.cpp">
      <Filter>Modules\Utility Modules</Filter>
    </ClCompile>
    <ClCompile Include="ModuleFightManager.cpp">
      <Filter>Modules\Fight Modules</Filter>
    </ClCompile>
    <ClCompile Include="ModuleCollision.cpp">
      <Filter>Modules\Fight Modules</Filter>
    </ClCompile>
    <ClCompile Include="ModuleSceneCongrats.cpp">
      <Filter>Modules\Scene Modules</Filter>
    </ClCompile>
    <ClCompile Include="ModuleSceneGameOver.cpp">
      <Filter>Modules\Scene Modules</Filter>
    </ClCompile>
    <ClCompile Include="ModuleFightTimer.cpp">
      <Filter>Modules\Fight Modules\HUD</Filter>
    </ClCompile>
    <ClCompile Include="ModuleLifeBar.cpp">
      <Filter>Modules\Fight Modules\HUD</Filter>
    </ClCompile>
    <ClCompile Include="ModulePlayerScore.cpp">
      <Filter>Modules\Fight Modules\HUD</Filter>
    </ClCompile>
    <ClCompile Include="ModuleRoundDisplay.cpp">
      <Filter>Modules\Fight Modules\HUD</Filter>
    </ClCompile>
  </ItemGroup>
</Project>